
Microsoft Visual Studio Solution File, Format Version 12.00
# Visual Studio Version 16
VisualStudioVersion = 16.0.30330.147
MinimumVisualStudioVersion = 10.0.40219.1
Project("{FAE04EC0-301F-11D3-BF4B-00C04F79EFBC}") = "P2P", "P2P\P2P.csproj", "{1F78593D-AA59-4F84-BAC0-EFAFD5DD1BA7}"
EndProject
Global
	GlobalSection(SolutionConfigurationPlatforms) = preSolution
		Debug|Any CPU = Debug|Any CPU
		Release|Any CPU = Release|Any CPU
	EndGlobalSection
	GlobalSection(ProjectConfigurationPlatforms) = postSolution
		{1F78593D-AA59-4F84-BAC0-EFAFD5DD1BA7}.Debug|Any CPU.ActiveCfg = Debug|Any CPU
		{1F78593D-AA59-4F84-BAC0-EFAFD5DD1BA7}.Debug|Any CPU.Build.0 = Debug|Any CPU
		{1F78593D-AA59-4F84-BAC0-EFAFD5DD1BA7}.Release|Any CPU.ActiveCfg = Release|Any CPU
		{1F78593D-AA59-4F84-BAC0-EFAFD5DD1BA7}.Release|Any CPU.Build.0 = Release|Any CPU
	EndGlobalSection
	GlobalSection(SolutionProperties) = preSolution
		HideSolutionNode = FALSE
	EndGlobalSection
	GlobalSection(ExtensibilityGlobals) = postSolution
		SolutionGuid = {924CA25F-1E7F-4FCA-B39F-89963D88FAD0}
	EndGlobalSection
EndGlobal
